Microsoft Visual Studio Solution File, Format Version 12.00
# Visual Studio 2013
VisualStudioVersion = 12.0.21005.1
MinimumVisualStudioVersion = 10.0.40219.1
Project("{FAE04EC0-301F-11D3-BF4B-00C04F79EFBC}") = "CodeLab", "CodeLab.csproj", "{6E9302B8-7792-43A4-A4A4-1F5E8F371780}"
EndProject
Project("{FAE04EC0-301F-11D3-BF4B-00C04F79EFBC}") = "Core", "..\PublicBase\Core\Core.csproj", "{1EADE568-A866-4DD4-9898-0A151E3F0E26}"
EndProject
Project("{FAE04EC0-301F-11D3-BF4B-00C04F79EFBC}") = "Effects", "..\PublicBase\Effects\Effects.csproj", "{2E4E8805-00F7-4B18-A967-C23994BBCE75}"
EndProject
Project("{FAE04EC0-301F-11D3-BF4B-00C04F79EFBC}") = "SystemLayer", "..\PublicBase\SystemLayer\SystemLayer.csproj", "{80572820-93A5-4278-A513-D902BEA2639C}"
EndProject
Project("{FAE04EC0-301F-11D3-BF4B-00C04F79EFBC}") = "Base", "..\PublicBase\Base\Base.csproj", "{05C4C721-F8E3-42E1-B817-9D165DA1A9FB}"
EndProject
Project("{FAE04EC0-301F-11D3-BF4B-00C04F79EFBC}") = "Resources", "..\PublicBase\Resources\Resources.csproj", "{0B173113-1F9B-4939-A62F-A176336F13AC}"
EndProject
Project("{FAE04EC0-301F-11D3-BF4B-00C04F79EFBC}") = "Data", "..\PublicBase\Data\Data.csproj", "{66681BB0-955D-451D-A466-94C045B1CF4A}"
EndProject
Project("{FAE04EC0-301F-11D3-BF4B-00C04F79EFBC}") = "StylusReader", "..\PublicBase\StylusReader\StylusReader.csproj", "{E2E8B028-9FF8-4AF1-86BF-F20568EAB0EC}"
EndProject
Global
	GlobalSection(SolutionConfigurationPlatforms) = preSolution
		Debug|Any CPU = Debug|Any CPU
		Release|Any CPU = Release|Any CPU
	EndGlobalSection
	GlobalSection(ProjectConfigurationPlatforms) = postSolution
		{6E9302B8-7792-43A4-A4A4-1F5E8F371780}.Debug|Any CPU.ActiveCfg = Debug|Any CPU
		{6E9302B8-7792-43A4-A4A4-1F5E8F371780}.Debug|Any CPU.Build.0 = Debug|Any CPU
		{6E9302B8-7792-43A4-A4A4-1F5E8F371780}.Release|Any CPU.ActiveCfg = Release|Any CPU
		{6E9302B8-7792-43A4-A4A4-1F5E8F371780}.Release|Any CPU.Build.0 = Release|Any CPU
		{1EADE568-A866-4DD4-9898-0A151E3F0E26}.Debug|Any CPU.ActiveCfg = Debug|Any CPU
		{1EADE568-A866-4DD4-9898-0A151E3F0E26}.Debug|Any CPU.Build.0 = Debug|Any CPU
		{1EADE568-A866-4DD4-9898-0A151E3F0E26}.Release|Any CPU.ActiveCfg = Release|Any CPU
		{1EADE568-A866-4DD4-9898-0A151E3F0E26}.Release|Any CPU.Build.0 = Release|Any CPU
		{2E4E8805-00F7-4B18-A967-C23994BBCE75}.Debug|Any CPU.ActiveCfg = Debug|Any CPU
		{2E4E8805-00F7-4B18-A967-C23994BBCE75}.Debug|Any CPU.Build.0 = Debug|Any CPU
		{2E4E8805-00F7-4B18-A967-C23994BBCE75}.Release|Any CPU.ActiveCfg = Release|Any CPU
		{2E4E8805-00F7-4B18-A967-C23994BBCE75}.Release|Any CPU.Build.0 = Release|Any CPU
		{80572820-93A5-4278-A513-D902BEA2639C}.Debug|Any CPU.ActiveCfg = Debug|Any CPU
		{80572820-93A5-4278-A513-D902BEA2639C}.Debug|Any CPU.Build.0 = Debug|Any CPU
		{80572820-93A5-4278-A513-D902BEA2639C}.Release|Any CPU.ActiveCfg = Release|Any CPU
		{80572820-93A5-4278-A513-D902BEA2639C}.Release|Any CPU.Build.0 = Release|Any CPU
		{05C4C721-F8E3-42E1-B817-9D165DA1A9FB}.Debug|Any CPU.ActiveCfg = Debug|Any CPU
		{05C4C721-F8E3-42E1-B817-9D165DA1A9FB}.Debug|Any CPU.Build.0 = Debug|Any CPU
		{05C4C721-F8E3-42E1-B817-9D165DA1A9FB}.Release|Any CPU.ActiveCfg = Release|Any CPU
		{05C4C721-F8E3-42E1-B817-9D165DA1A9FB}.Release|Any CPU.Build.0 = Release|Any CPU
		{0B173113-1F9B-4939-A62F-A176336F13AC}.Debug|Any CPU.ActiveCfg = Debug|Any CPU
		{0B173113-1F9B-4939-A62F-A176336F13AC}.Debug|Any CPU.Build.0 = Debug|Any CPU
		{0B173113-1F9B-4939-A62F-A176336F13AC}.Release|Any CPU.ActiveCfg = Release|Any CPU
		{0B173113-1F9B-4939-A62F-A176336F13AC}.Release|Any CPU.Build.0 = Release|Any CPU
		{66681BB0-955D-451D-A466-94C045B1CF4A}.Debug|Any CPU.ActiveCfg = Debug|Any CPU
		{66681BB0-955D-451D-A466-94C045B1CF4A}.Debug|Any CPU.Build.0 = Debug|Any CPU
		{66681BB0-955D-451D-A466-94C045B1CF4A}.Release|Any CPU.ActiveCfg = Release|Any CPU
		{66681BB0-955D-451D-A466-94C045B1CF4A}.Release|Any CPU.Build.0 = Release|Any CPU
		{E2E8B028-9FF8-4AF1-86BF-F20568EAB0EC}.Debug|Any CPU.ActiveCfg = Debug|Any CPU
		{E2E8B028-9FF8-4AF1-86BF-F20568EAB0EC}.Debug|Any CPU.Build.0 = Debug|Any CPU
		{E2E8B028-9FF8-4AF1-86BF-F20568EAB0EC}.Release|Any CPU.ActiveCfg = Release|Any CPU
		{E2E8B028-9FF8-4AF1-86BF-F20568EAB0EC}.Release|Any CPU.Build.0 = Release|Any CPU
	EndGlobalSection
	GlobalSection(SolutionProperties) = preSolution
		HideSolutionNode = FALSE
	EndGlobalSection
EndGlobal
